// !$*UTF8*$!
{
	archiveVersion = 1;
	classes = {
	};
	objectVersion = 56;
	objects = {

/* Begin PBXBuildFile section */
		75D4A8712ADCB40600B1AEC9 /* ToDoListApp.swift in Sources */ = {isa = PBXBuildFile; fileRef = 75D4A8702ADCB40600B1AEC9 /* ToDoListApp.swift */; };
		75D4A8752ADCB40800B1AEC9 /* Assets.xcassets in Resources */ = {isa = PBXBuildFile; fileRef = 75D4A8742ADCB40800B1AEC9 /* Assets.xcassets */; };
		75D4A8782ADCB40800B1AEC9 /* Preview Assets.xcassets in Resources */ = {isa = PBXBuildFile; fileRef = 75D4A8772ADCB40800B1AEC9 /* Preview Assets.xcassets */; };
		75D4A8822ADCB40800B1AEC9 /* ToDoListTests.swift in Sources */ = {isa = PBXBuildFile; fileRef = 75D4A8812ADCB40800B1AEC9 /* ToDoListTests.swift */; };
		75D4A88C2ADCB40800B1AEC9 /* ToDoListUITests.swift in Sources */ = {isa = PBXBuildFile; fileRef = 75D4A88B2ADCB40800B1AEC9 /* ToDoListUITests.swift */; };
		75D4A88E2ADCB40800B1AEC9 /* ToDoListUITestsLaunchTests.swift in Sources */ = {isa = PBXBuildFile; fileRef = 75D4A88D2ADCB40800B1AEC9 /* ToDoListUITestsLaunchTests.swift */; };
		75D4A89C2ADCB87E00B1AEC9 /* FirebaseAuth in Frameworks */ = {isa = PBXBuildFile; productRef = 75D4A89B2ADCB87E00B1AEC9 /* FirebaseAuth */; };
		75D4A89E2ADCB87E00B1AEC9 /* FirebaseFirestore in Frameworks */ = {isa = PBXBuildFile; productRef = 75D4A89D2ADCB87E00B1AEC9 /* FirebaseFirestore */; };
		75D4A8A02ADCB87E00B1AEC9 /* FirebaseFirestoreSwift in Frameworks */ = {isa = PBXBuildFile; productRef = 75D4A89F2ADCB87E00B1AEC9 /* FirebaseFirestoreSwift */; };
		75D4A8A22ADCB9DF00B1AEC9 /* GoogleService-Info.plist in Resources */ = {isa = PBXBuildFile; fileRef = 75D4A8A12ADCB9DE00B1AEC9 /* GoogleService-Info.plist */; };
		75D4A8B12ADCBD5200B1AEC9 /* ToDoListView.swift in Sources */ = {isa = PBXBuildFile; fileRef = 75D4A8B02ADCBD5100B1AEC9 /* ToDoListView.swift */; };
		75D4A8B32ADCBD6E00B1AEC9 /* ProfileView.swift in Sources */ = {isa = PBXBuildFile; fileRef = 75D4A8B22ADCBD6E00B1AEC9 /* ProfileView.swift */; };
		75D4A8B52ADCBD8700B1AEC9 /* MainView.swift in Sources */ = {isa = PBXBuildFile; fileRef = 75D4A8B42ADCBD8700B1AEC9 /* MainView.swift */; };
		75D4A8B72ADCBDA500B1AEC9 /* NewItemView.swift in Sources */ = {isa = PBXBuildFile; fileRef = 75D4A8B62ADCBDA400B1AEC9 /* NewItemView.swift */; };
		75D4A8B92ADCBDAE00B1AEC9 /* LoginView.swift in Sources */ = {isa = PBXBuildFile; fileRef = 75D4A8B82ADCBDAE00B1AEC9 /* LoginView.swift */; };
		75D4A8BB2ADCBDB700B1AEC9 /* RegisterView.swift in Sources */ = {isa = PBXBuildFile; fileRef = 75D4A8BA2ADCBDB700B1AEC9 /* RegisterView.swift */; };
		75D4A8BD2ADCBDC500B1AEC9 /* ToDoListItemView.swift in Sources */ = {isa = PBXBuildFile; fileRef = 75D4A8BC2ADCBDC500B1AEC9 /* ToDoListItemView.swift */; };
/* End PBXBuildFile section */

/* Begin PBXContainerItemProxy section */
		75D4A87E2ADCB40800B1AEC9 /* PBXContainerItemProxy */ = {
			isa = PBXContainerItemProxy;
			containerPortal = 75D4A8652ADCB40600B1AEC9 /* Project object */;
			proxyType = 1;
			remoteGlobalIDString = 75D4A86C2ADCB40600B1AEC9;
			remoteInfo = ToDoList;
		};
		75D4A8882ADCB40800B1AEC9 /* PBXContainerItemProxy */ = {
			isa = PBXContainerItemProxy;
			containerPortal = 75D4A8652ADCB40600B1AEC9 /* Project object */;
			proxyType = 1;
			remoteGlobalIDString = 75D4A86C2ADCB40600B1AEC9;
			remoteInfo = ToDoList;
		};
/* End PBXContainerItemProxy section */

/* Begin PBXFileReference section */
		75D4A86D2ADCB40600B1AEC9 /* ToDoList.app */ = {isa = PBXFileReference; explicitFileType = wrapper.application; includeInIndex = 0; path = ToDoList.app; sourceTree = BUILT_PRODUCTS_DIR; };
		75D4A8702ADCB40600B1AEC9 /* ToDoListApp.swift */ = {isa = PBXFileReference; lastKnownFileType = sourcecode.swift; path = ToDoListApp.swift; sourceTree = "<group>"; };
		75D4A8742ADCB40800B1AEC9 /* Assets.xcassets */ = {isa = PBXFileReference; lastKnownFileType = folder.assetcatalog; path = Assets.xcassets; sourceTree = "<group>"; };
		75D4A8772ADCB40800B1AEC9 /* Preview Assets.xcassets */ = {isa = PBXFileReference; lastKnownFileType = folder.assetcatalog; path = "Preview Assets.xcassets"; sourceTree = "<group>"; };
		75D4A87D2ADCB40800B1AEC9 /* ToDoListTests.xctest */ = {isa = PBXFileReference; explicitFileType = wrapper.cfbundle; includeInIndex = 0; path = ToDoListTests.xctest; sourceTree = BUILT_PRODUCTS_DIR; };
		75D4A8812ADCB40800B1AEC9 /* ToDoListTests.swift */ = {isa = PBXFileReference; lastKnownFileType = sourcecode.swift; path = ToDoListTests.swift; sourceTree = "<group>"; };
		75D4A8872ADCB40800B1AEC9 /* ToDoListUITests.xctest */ = {isa = PBXFileReference; explicitFileType = wrapper.cfbundle; includeInIndex = 0; path = ToDoListUITests.xctest; sourceTree = BUILT_PRODUCTS_DIR; };
		75D4A88B2ADCB40800B1AEC9 /* ToDoListUITests.swift */ = {isa = PBXFileReference; lastKnownFileType = sourcecode.swift; path = ToDoListUITests.swift; sourceTree = "<group>"; };
		75D4A88D2ADCB40800B1AEC9 /* ToDoListUITestsLaunchTests.swift */ = {isa = PBXFileReference; lastKnownFileType = sourcecode.swift; path = ToDoListUITestsLaunchTests.swift; sourceTree = "<group>"; };
		75D4A8A12ADCB9DE00B1AEC9 /* GoogleService-Info.plist */ = {isa = PBXFileReference; fileEncoding = 4; lastKnownFileType = text.plist.xml; path = "GoogleService-Info.plist"; sourceTree = "<group>"; };
		75D4A8B02ADCBD5100B1AEC9 /* ToDoListView.swift */ = {isa = PBXFileReference; lastKnownFileType = sourcecode.swift; path = ToDoListView.swift; sourceTree = "<group>"; };
		75D4A8B22ADCBD6E00B1AEC9 /* ProfileView.swift */ = {isa = PBXFileReference; lastKnownFileType = sourcecode.swift; path = ProfileView.swift; sourceTree = "<group>"; };
		75D4A8B42ADCBD8700B1AEC9 /* MainView.swift */ = {isa = PBXFileReference; lastKnownFileType = sourcecode.swift; path = MainView.swift; sourceTree = "<group>"; };
		75D4A8B62ADCBDA400B1AEC9 /* NewItemView.swift */ = {isa = PBXFileReference; lastKnownFileType = sourcecode.swift; path = NewItemView.swift; sourceTree = "<group>"; };
		75D4A8B82ADCBDAE00B1AEC9 /* LoginView.swift */ = {isa = PBXFileReference; lastKnownFileType = sourcecode.swift; path = LoginView.swift; sourceTree = "<group>"; };
		75D4A8BA2ADCBDB700B1AEC9 /* RegisterView.swift */ = {isa = PBXFileReference; lastKnownFileType = sourcecode.swift; path = RegisterView.swift; sourceTree = "<group>"; };
		75D4A8BC2ADCBDC500B1AEC9 /* ToDoListItemView.swift */ = {isa = PBXFileReference; lastKnownFileType = sourcecode.swift; path = ToDoListItemView.swift; sourceTree = "<group>"; };
/* End PBXFileReference section */

/* Begin PBXFrameworksBuildPhase section */
		75D4A86A2ADCB40600B1AEC9 /* Frameworks */ = {
			isa = PBXFrameworksBuildPhase;
			buildActionMask = 2147483647;
			files = (
				75D4A89C2ADCB87E00B1AEC9 /* FirebaseAuth in Frameworks */,
				75D4A89E2ADCB87E00B1AEC9 /* FirebaseFirestore in Frameworks */,
				75D4A8A02ADCB87E00B1AEC9 /* FirebaseFirestoreSwift in Frameworks */,
			);
			runOnlyForDeploymentPostprocessing = 0;
		};
		75D4A87A2ADCB40800B1AEC9 /* Frameworks */ = {
			isa = PBXFrameworksBuildPhase;
			buildActionMask = 2147483647;
			files = (
			);
			runOnlyForDeploymentPostprocessing = 0;
		};
		75D4A8842ADCB40800B1AEC9 /* Frameworks */ = {
			isa = PBXFrameworksBuildPhase;
			buildActionMask = 2147483647;
			files = (
			);
			runOnlyForDeploymentPostprocessing = 0;
		};
/* End PBXFrameworksBuildPhase section */

/* Begin PBXGroup section */
		75CE8A012ADCEA2100E6014B /* New Group */ = {
			isa = PBXGroup;
			children = (
			);
			path = "New Group";
			sourceTree = "<group>";
		};
		75D4A8642ADCB40600B1AEC9 = {
			isa = PBXGroup;
			children = (
				75D4A86F2ADCB40600B1AEC9 /* ToDoList */,
				75D4A8802ADCB40800B1AEC9 /* ToDoListTests */,
				75D4A88A2ADCB40800B1AEC9 /* ToDoListUITests */,
				75D4A86E2ADCB40600B1AEC9 /* Products */,
			);
			sourceTree = "<group>";
		};
		75D4A86E2ADCB40600B1AEC9 /* Products */ = {
			isa = PBXGroup;
			children = (
				75D4A86D2ADCB40600B1AEC9 /* ToDoList.app */,
				75D4A87D2ADCB40800B1AEC9 /* ToDoListTests.xctest */,
				75D4A8872ADCB40800B1AEC9 /* ToDoListUITests.xctest */,
			);
			name = Products;
			sourceTree = "<group>";
		};
		75D4A86F2ADCB40600B1AEC9 /* ToDoList */ = {
			isa = PBXGroup;
			children = (
				75CE8A012ADCEA2100E6014B /* New Group */,
				75D4A8A12ADCB9DE00B1AEC9 /* GoogleService-Info.plist */,
				75D4A8702ADCB40600B1AEC9 /* ToDoListApp.swift */,
				75D4A8A32ADCBC2300B1AEC9 /* Views */,
				75D4A8742ADCB40800B1AEC9 /* Assets.xcassets */,
				75D4A8762ADCB40800B1AEC9 /* Preview Content */,
			);
			path = ToDoList;
			sourceTree = "<group>";
		};
		75D4A8762ADCB40800B1AEC9 /* Preview Content */ = {
			isa = PBXGroup;
			children = (
				75D4A8772ADCB40800B1AEC9 /* Preview Assets.xcassets */,
			);
			path = "Preview Content";
			sourceTree = "<group>";
		};
		75D4A8802ADCB40800B1AEC9 /* ToDoListTests */ = {
			isa = PBXGroup;
			children = (
				75D4A8812ADCB40800B1AEC9 /* ToDoListTests.swift */,
			);
			path = ToDoListTests;
			sourceTree = "<group>";
		};
		75D4A88A2ADCB40800B1AEC9 /* ToDoListUITests */ = {
			isa = PBXGroup;
			children = (
				75D4A88B2ADCB40800B1AEC9 /* ToDoListUITests.swift */,
				75D4A88D2ADCB40800B1AEC9 /* ToDoListUITestsLaunchTests.swift */,
			);
			path = ToDoListUITests;
			sourceTree = "<group>";
		};
		75D4A8A32ADCBC2300B1AEC9 /* Views */ = {
			isa = PBXGroup;
			children = (
				75D4A8B22ADCBD6E00B1AEC9 /* ProfileView.swift */,
				75D4A8B42ADCBD8700B1AEC9 /* MainView.swift */,
				75D4A8B02ADCBD5100B1AEC9 /* ToDoListView.swift */,
				75D4A8B62ADCBDA400B1AEC9 /* NewItemView.swift */,
				75D4A8B82ADCBDAE00B1AEC9 /* LoginView.swift */,
				75D4A8BA2ADCBDB700B1AEC9 /* RegisterView.swift */,
				75D4A8BC2ADCBDC500B1AEC9 /* ToDoListItemView.swift */,
			);
			path = Views;
			sourceTree = "<group>";
		};
/* End PBXGroup section */

/* Begin PBXNativeTarget section */
		75D4A86C2ADCB40600B1AEC9 /* ToDoList */ = {
			isa = PBXNativeTarget;
			buildConfigurationList = 75D4A8912ADCB40800B1AEC9 /* Build configuration list for PBXNativeTarget "ToDoList" */;
			buildPhases = (
				75D4A8692ADCB40600B1AEC9 /* Sources */,
				75D4A86A2ADCB40600B1AEC9 /* Frameworks */,
				75D4A86B2ADCB40600B1AEC9 /* Resources */,
			);
			buildRules = (
			);
			dependencies = (
			);
			name = ToDoList;
			packageProductDependencies = (
				75D4A89B2ADCB87E00B1AEC9 /* FirebaseAuth */,
				75D4A89D2ADCB87E00B1AEC9 /* FirebaseFirestore */,
				75D4A89F2ADCB87E00B1AEC9 /* FirebaseFirestoreSwift */,
			);
			productName = ToDoList;
			productReference = 75D4A86D2ADCB40600B1AEC9 /* ToDoList.app */;
			productType = "com.apple.product-type.application";
		};
		75D4A87C2ADCB40800B1AEC9 /* ToDoListTests */ = {
			isa = PBXNativeTarget;
			buildConfigurationList = 75D4A8942ADCB40800B1AEC9 /* Build configuration list for PBXNativeTarget "ToDoListTests" */;
			buildPhases = (
				75D4A8792ADCB40800B1AEC9 /* Sources */,
				75D4A87A2ADCB40800B1AEC9 /* Frameworks */,
				75D4A87B2ADCB40800B1AEC9 /* Resources */,
			);
			buildRules = (
			);
			dependencies = (
				75D4A87F2ADCB40800B1AEC9 /* PBXTargetDependency */,
			);
			name = ToDoListTests;
			productName = ToDoListTests;
			productReference = 75D4A87D2ADCB40800B1AEC9 /* ToDoListTests.xctest */;
			productType = "com.apple.product-type.bundle.unit-test";
		};
		75D4A8862ADCB40800B1AEC9 /* ToDoListUITests */ = {
			isa = PBXNativeTarget;
			buildConfigurationList = 75D4A8972ADCB40800B1AEC9 /* Build configuration list for PBXNativeTarget "ToDoListUITests" */;
			buildPhases = (
				75D4A8832ADCB40800B1AEC9 /* Sources */,
				75D4A8842ADCB40800B1AEC9 /* Frameworks */,
				75D4A8852ADCB40800B1AEC9 /* Resources */,
			);
			buildRules = (
			);
			dependencies = (
				75D4A8892ADCB40800B1AEC9 /* PBXTargetDependency */,
			);
			name = ToDoListUITests;
			productName = ToDoListUITests;
			productReference = 75D4A8872ADCB40800B1AEC9 /* ToDoListUITests.xctest */;
			productType = "com.apple.product-type.bundle.ui-testing";
		};
/* End PBXNativeTarget section */

/* Begin PBXProject section */
		75D4A8652ADCB40600B1AEC9 /* Project object */ = {
			isa = PBXProject;
			attributes = {
				BuildIndependentTargetsInParallel = 1;
				LastSwiftUpdateCheck = 1500;
				LastUpgradeCheck = 1500;
				TargetAttributes = {
					75D4A86C2ADCB40600B1AEC9 = {
						CreatedOnToolsVersion = 15.0;
					};
					75D4A87C2ADCB40800B1AEC9 = {
						CreatedOnToolsVersion = 15.0;
						TestTargetID = 75D4A86C2ADCB40600B1AEC9;
					};
					75D4A8862ADCB40800B1AEC9 = {
						CreatedOnToolsVersion = 15.0;
						TestTargetID = 75D4A86C2ADCB40600B1AEC9;
					};
				};
			};
			buildConfigurationList = 75D4A8682ADCB40600B1AEC9 /* Build configuration list for PBXProject "ToDoList" */;
			compatibilityVersion = "Xcode 14.0";
			developmentRegion = en;
			hasScannedForEncodings = 0;
			knownRegions = (
				en,
				Base,
			);
			mainGroup = 75D4A8642ADCB40600B1AEC9;
			packageReferences = (
				75D4A89A2ADCB87E00B1AEC9 /* XCRemoteSwiftPackageReference "firebase-ios-sdk" */,
			);
			productRefGroup = 75D4A86E2ADCB40600B1AEC9 /* Products */;
			projectDirPath = "";
			projectRoot = "";
			targets = (
				75D4A86C2ADCB40600B1AEC9 /* ToDoList */,
				75D4A87C2ADCB40800B1AEC9 /* ToDoListTests */,
				75D4A8862ADCB40800B1AEC9 /* ToDoListUITests */,
			);
		};
/* End PBXProject section */

/* Begin PBXResourcesBuildPhase section */
		75D4A86B2ADCB40600B1AEC9 /* Resources */ = {
			isa = PBXResourcesBuildPhase;
			buildActionMask = 2147483647;
			files = (
				75D4A8782ADCB40800B1AEC9 /* Preview Assets.xcassets in Resources */,
				75D4A8752ADCB40800B1AEC9 /* Assets.xcassets in Resources */,
				75D4A8A22ADCB9DF00B1AEC9 /* GoogleService-Info.plist in Resources */,
			);
			runOnlyForDeploymentPostprocessing = 0;
		};
		75D4A87B2ADCB40800B1AEC9 /* Resources */ = {
			isa = PBXResourcesBuildPhase;
			buildActionMask = 2147483647;
			files = (
			);
			runOnlyForDeploymentPostprocessing = 0;
		};
		75D4A8852ADCB40800B1AEC9 /* Resources */ = {
			isa = PBXResourcesBuildPhase;
			buildActionMask = 2147483647;
			files = (
			);
			runOnlyForDeploymentPostprocessing = 0;
		};
/* End PBXResourcesBuildPhase section */

/* Begin PBXSourcesBuildPhase section */
		75D4A8692ADCB40600B1AEC9 /* Sources */ = {
			isa = PBXSourcesBuildPhase;
			buildActionMask = 2147483647;
			files = (
				75D4A8B92ADCBDAE00B1AEC9 /* LoginView.swift in Sources */,
				75D4A8B32ADCBD6E00B1AEC9 /* ProfileView.swift in Sources */,
				75D4A8B52ADCBD8700B1AEC9 /* MainView.swift in Sources */,
				75D4A8BB2ADCBDB700B1AEC9 /* RegisterView.swift in Sources */,
				75D4A8B12ADCBD5200B1AEC9 /* ToDoListView.swift in Sources */,
				75D4A8BD2ADCBDC500B1AEC9 /* ToDoListItemView.swift in Sources */,
				75D4A8712ADCB40600B1AEC9 /* ToDoListApp.swift in Sources */,
				75D4A8B72ADCBDA500B1AEC9 /* NewItemView.swift in Sources */,
			);
			runOnlyForDeploymentPostprocessing = 0;
		};
		75D4A8792ADCB40800B1AEC9 /* Sources */ = {
			isa = PBXSourcesBuildPhase;
			buildActionMask = 2147483647;
			files = (
				75D4A8822ADCB40800B1AEC9 /* ToDoListTests.swift in Sources */,
			);
			runOnlyForDeploymentPostprocessing = 0;
		};
		75D4A8832ADCB40800B1AEC9 /* Sources */ = {
			isa = PBXSourcesBuildPhase;
			buildActionMask = 2147483647;
			files = (
				75D4A88E2ADCB40800B1AEC9 /* ToDoListUITestsLaunchTests.swift in Sources */,
				75D4A88C2ADCB40800B1AEC9 /* ToDoListUITests.swift in Sources */,
			);
			runOnlyForDeploymentPostprocessing = 0;
		};
/* End PBXSourcesBuildPhase section */

/* Begin PBXTargetDependency section */
		75D4A87F2ADCB40800B1AEC9 /* PBXTargetDependency */ = {
			isa = PBXTargetDependency;
			target = 75D4A86C2ADCB40600B1AEC9 /* ToDoList */;
			targetProxy = 75D4A87E2ADCB40800B1AEC9 /* PBXContainerItemProxy */;
		};
		75D4A8892ADCB40800B1AEC9 /* PBXTargetDependency */ = {
			isa = PBXTargetDependency;
			target = 75D4A86C2ADCB40600B1AEC9 /* ToDoList */;
			targetProxy = 75D4A8882ADCB40800B1AEC9 /* PBXContainerItemProxy */;
		};
/* End PBXTargetDependency section */

/* Begin XCBuildConfiguration section */
		75D4A88F2ADCB40800B1AEC9 /* Debug */ = {
			isa = XCBuildConfiguration;
			buildSettings = {
				ALWAYS_SEARCH_USER_PATHS = NO;
				ASSETCATALOG_COMPILER_GENERATE_SWIFT_ASSET_SYMBOL_EXTENSIONS = YES;
				CLANG_ANALYZER_NONNULL = YES;
				CLANG_ANALYZER_NUMBER_OBJECT_CONVERSION = YES_AGGRESSIVE;
				CLANG_CXX_LANGUAGE_STANDARD = "gnu++20";
				CLANG_ENABLE_MODULES = YES;
				CLANG_ENABLE_OBJC_ARC = YES;
				CLANG_ENABLE_OBJC_WEAK = YES;
				CLANG_WARN_BLOCK_CAPTURE_AUTORELEASING = YES;
				CLANG_WARN_BOOL_CONVERSION = YES;
				CLANG_WARN_COMMA = YES;
				CLANG_WARN_CONSTANT_CONVERSION = YES;
				CLANG_WARN_DEPRECATED_OBJC_IMPLEMENTATIONS = YES;
				CLANG_WARN_DIRECT_OBJC_ISA_USAGE = YES_ERROR;
				CLANG_WARN_DOCUMENTATION_COMMENTS = YES;
				CLANG_WARN_EMPTY_BODY = YES;
				CLANG_WARN_ENUM_CONVERSION = YES;
				CLANG_WARN_INFINITE_RECURSION = YES;
				CLANG_WARN_INT_CONVERSION = YES;
				CLANG_WARN_NON_LITERAL_NULL_CONVERSION = YES;
				CLANG_WARN_OBJC_IMPLICIT_RETAIN_SELF = YES;
				CLANG_WARN_OBJC_LITERAL_CONVERSION = YES;
				CLANG_WARN_OBJC_ROOT_CLASS = YES_ERROR;
				CLANG_WARN_QUOTED_INCLUDE_IN_FRAMEWORK_HEADER = YES;
				CLANG_WARN_RANGE_LOOP_ANALYSIS = YES;
				CLANG_WARN_STRICT_PROTOTYPES = YES;
				CLANG_WARN_SUSPICIOUS_MOVE = YES;
				CLANG_WARN_UNGUARDED_AVAILABILITY = YES_AGGRESSIVE;
				CLANG_WARN_UNREACHABLE_CODE = YES;
				CLANG_WARN__DUPLICATE_METHOD_MATCH = YES;
				COPY_PHASE_STRIP = NO;
				DEBUG_INFORMATION_FORMAT = dwarf;
				ENABLE_STRICT_OBJC_MSGSEND = YES;
				ENABLE_TESTABILITY = YES;
				ENABLE_USER_SCRIPT_SANDBOXING = YES;
				GCC_C_LANGUAGE_STANDARD = gnu17;
				GCC_DYNAMIC_NO_PIC = NO;
				GCC_NO_COMMON_BLOCKS = YES;
				GCC_OPTIMIZATION_LEVEL = 0;
				GCC_PREPROCESSOR_DEFINITIONS = (
					"DEBUG=1",
					"$(inherited)",
				);
				GCC_WARN_64_TO_32_BIT_CONVERSION = YES;
				GCC_WARN_ABOUT_RETURN_TYPE = YES_ERROR;
				GCC_WARN_UNDECLARED_SELECTOR = YES;
				GCC_WARN_UNINITIALIZED_AUTOS = YES_AGGRESSIVE;
				GCC_WARN_UNUSED_FUNCTION = YES;
				GCC_WARN_UNUSED_VARIABLE = YES;
				IPHONEOS_DEPLOYMENT_TARGET = 17.0;
				LOCALIZATION_PREFERS_STRING_CATALOGS = YES;
				MTL_ENABLE_DEBUG_INFO = INCLUDE_SOURCE;
				MTL_FAST_MATH = YES;
				ONLY_ACTIVE_ARCH = YES;
				SDKROOT = iphoneos;
				SWIFT_ACTIVE_COMPILATION_CONDITIONS = "DEBUG $(inherited)";
				SWIFT_OPTIMIZATION_LEVEL = "-Onone";
			};
			name = Debug;
		};
		75D4A8902ADCB40800B1AEC9 /* Release */ = {
			isa = XCBuildConfiguration;
			buildSettings = {
				ALWAYS_SEARCH_USER_PATHS = NO;
				ASSETCATALOG_COMPILER_GENERATE_SWIFT_ASSET_SYMBOL_EXTENSIONS = YES;
				CLANG_ANALYZER_NONNULL = YES;
				CLANG_ANALYZER_NUMBER_OBJECT_CONVERSION = YES_AGGRESSIVE;
				CLANG_CXX_LANGUAGE_STANDARD = "gnu++20";
				CLANG_ENABLE_MODULES = YES;
				CLANG_ENABLE_OBJC_ARC = YES;
				CLANG_ENABLE_OBJC_WEAK = YES;
				CLANG_WARN_BLOCK_CAPTURE_AUTORELEASING = YES;
				CLANG_WARN_BOOL_CONVERSION = YES;
				CLANG_WARN_COMMA = YES;
				CLANG_WARN_CONSTANT_CONVERSION = YES;
				CLANG_WARN_DEPRECATED_OBJC_IMPLEMENTATIONS = YES;
				CLANG_WARN_DIRECT_OBJC_ISA_USAGE = YES_ERROR;
				CLANG_WARN_DOCUMENTATION_COMMENTS = YES;
				CLANG_WARN_EMPTY_BODY = YES;
				CLANG_WARN_ENUM_CONVERSION = YES;
				CLANG_WARN_INFINITE_RECURSION = YES;
				CLANG_WARN_INT_CONVERSION = YES;
				CLANG_WARN_NON_LITERAL_NULL_CONVERSION = YES;
				CLANG_WARN_OBJC_IMPLICIT_RETAIN_SELF = YES;
				CLANG_WARN_OBJC_LITERAL_CONVERSION = YES;
				CLANG_WARN_OBJC_ROOT_CLASS = YES_ERROR;
				CLANG_WARN_QUOTED_INCLUDE_IN_FRAMEWORK_HEADER = YES;
				CLANG_WARN_RANGE_LOOP_ANALYSIS = YES;
				CLANG_WARN_STRICT_PROTOTYPES = YES;
				CLANG_WARN_SUSPICIOUS_MOVE = YES;
				CLANG_WARN_UNGUARDED_AVAILABILITY = YES_AGGRESSIVE;
				CLANG_WARN_UNREACHABLE_CODE = YES;
				CLANG_WARN__DUPLICATE_METHOD_MATCH = YES;
				COPY_PHASE_STRIP = NO;
				DEBUG_INFORMATION_FORMAT = "dwarf-with-dsym";
				ENABLE_NS_ASSERTIONS = NO;
				ENABLE_STRICT_OBJC_MSGSEND = YES;
				ENABLE_USER_SCRIPT_SANDBOXING = YES;
				GCC_C_LANGUAGE_STANDARD = gnu17;
				GCC_NO_COMMON_BLOCKS = YES;
				GCC_WARN_64_TO_32_BIT_CONVERSION = YES;
				GCC_WARN_ABOUT_RETURN_TYPE = YES_ERROR;
				GCC_WARN_UNDECLARED_SELECTOR = YES;
				GCC_WARN_UNINITIALIZED_AUTOS = YES_AGGRESSIVE;
				GCC_WARN_UNUSED_FUNCTION = YES;
				GCC_WARN_UNUSED_VARIABLE = YES;
				IPHONEOS_DEPLOYMENT_TARGET = 17.0;
				LOCALIZATION_PREFERS_STRING_CATALOGS = YES;
				MTL_ENABLE_DEBUG_INFO = NO;
				MTL_FAST_MATH = YES;
				SDKROOT = iphoneos;
				SWIFT_COMPILATION_MODE = wholemodule;
				VALIDATE_PRODUCT = YES;
			};
			name = Release;
		};
		75D4A8922ADCB40800B1AEC9 /* Debug */ = {
			isa = XCBuildConfiguration;
			buildSettings = {
				ASSETCATALOG_COMPILER_APPICON_NAME = AppIcon;
				ASSETCATALOG_COMPILER_GLOBAL_ACCENT_COLOR_NAME = AccentColor;
				CODE_SIGN_STYLE = Automatic;
				CURRENT_PROJECT_VERSION = 1;
				DEVELOPMENT_ASSET_PATHS = "\"ToDoList/Preview Content\"";
				ENABLE_PREVIEWS = YES;
				GENERATE_INFOPLIST_FILE = YES;
				INFOPLIST_KEY_CFBundleDisplayName = "To Do List";
				INFOPLIST_KEY_UIApplicationSceneManifest_Generation = YES;
				INFOPLIST_KEY_UIApplicationSupportsIndirectInputEvents = YES;
				INFOPLIST_KEY_UILaunchScreen_Generation = YES;
				INFOPLIST_KEY_UISupportedInterfaceOrientations = UIInterfaceOrientationPortrait;
				LD_RUNPATH_SEARCH_PATHS = (
					"$(inherited)",
					"@executable_path/Frameworks",
				);
				MARKETING_VERSION = 1.0;
				PRODUCT_BUNDLE_IDENTIFIER = io.jackboswell.ToDoList;
				PRODUCT_NAME = "$(TARGET_NAME)";
				SWIFT_EMIT_LOC_STRINGS = YES;
				SWIFT_VERSION = 5.0;
				TARGETED_DEVICE_FAMILY = "1,2";
			};
			name = Debug;
		};
		75D4A8932ADCB40800B1AEC9 /* Release */ = {
			isa = XCBuildConfiguration;
			buildSettings = {
				ASSETCATALOG_COMPILER_APPICON_NAME = AppIcon;
				ASSETCATALOG_COMPILER_GLOBAL_ACCENT_COLOR_NAME = AccentColor;
				CODE_SIGN_STYLE = Automatic;
				CURRENT_PROJECT_VERSION = 1;
				DEVELOPMENT_ASSET_PATHS = "\"ToDoList/Preview Content\"";
				ENABLE_PREVIEWS = YES;
				GENERATE_INFOPLIST_FILE = YES;
				INFOPLIST_KEY_CFBundleDisplayName = "To Do List";
				INFOPLIST_KEY_UIApplicationSceneManifest_Generation = YES;
				INFOPLIST_KEY_UIApplicationSupportsIndirectInputEvents = YES;
				INFOPLIST_KEY_UILaunchScreen_Generation = YES;
				INFOPLIST_KEY_UISupportedInterfaceOrientations = UIInterfaceOrientationPortrait;
				LD_RUNPATH_SEARCH_PATHS = (
					"$(inherited)",
					"@executable_path/Frameworks",
				);
				MARKETING_VERSION = 1.0;
				PRODUCT_BUNDLE_IDENTIFIER = io.jackboswell.ToDoList;
				PRODUCT_NAME = "$(TARGET_NAME)";
				SWIFT_EMIT_LOC_STRINGS = YES;
				SWIFT_VERSION = 5.0;
				TARGETED_DEVICE_FAMILY = "1,2";
			};
			name = Release;
		};
		75D4A8952ADCB40800B1AEC9 /* Debug */ = {
			isa = XCBuildConfiguration;
			buildSettings = {
				ALWAYS_EMBED_SWIFT_STANDARD_LIBRARIES = YES;
				BUNDLE_LOADER = "$(TEST_HOST)";
				CODE_SIGN_STYLE = Automatic;
				CURRENT_PROJECT_VERSION = 1;
				GENERATE_INFOPLIST_FILE = YES;
				IPHONEOS_DEPLOYMENT_TARGET = 17.0;
				MARKETING_VERSION = 1.0;
				PRODUCT_BUNDLE_IDENTIFIER = io.jackboswell.ToDoListTests;
				PRODUCT_NAME = "$(TARGET_NAME)";
				SWIFT_EMIT_LOC_STRINGS = NO;
				SWIFT_VERSION = 5.0;
				TARGETED_DEVICE_FAMILY = "1,2";
				TEST_HOST = "$(BUILT_PRODUCTS_DIR)/ToDoList.app/$(BUNDLE_EXECUTABLE_FOLDER_PATH)/ToDoList";
			};
			name = Debug;
		};
		75D4A8962ADCB40800B1AEC9 /* Release */ = {
			isa = XCBuildConfiguration;
			buildSettings = {
				ALWAYS_EMBED_SWIFT_STANDARD_LIBRARIES = YES;
				BUNDLE_LOADER = "$(TEST_HOST)";
				CODE_SIGN_STYLE = Automatic;
				CURRENT_PROJECT_VERSION = 1;
				GENERATE_INFOPLIST_FILE = YES;
				IPHONEOS_DEPLOYMENT_TARGET = 17.0;
				MARKETING_VERSION = 1.0;
				PRODUCT_BUNDLE_IDENTIFIER = io.jackboswell.ToDoListTests;
				PRODUCT_NAME = "$(TARGET_NAME)";
				SWIFT_EMIT_LOC_STRINGS = NO;
				SWIFT_VERSION = 5.0;
				TARGETED_DEVICE_FAMILY = "1,2";
				TEST_HOST = "$(BUILT_PRODUCTS_DIR)/ToDoList.app/$(BUNDLE_EXECUTABLE_FOLDER_PATH)/ToDoList";
			};
			name = Release;
		};
		75D4A8982ADCB40800B1AEC9 /* Debug */ = {
			isa = XCBuildConfiguration;
			buildSettings = {
				ALWAYS_EMBED_SWIFT_STANDARD_LIBRARIES = YES;
				CODE_SIGN_STYLE = Automatic;
				CURRENT_PROJECT_VERSION = 1;
				GENERATE_INFOPLIST_FILE = YES;
				MARKETING_VERSION = 1.0;
				PRODUCT_BUNDLE_IDENTIFIER = io.jackboswell.ToDoListUITests;
				PRODUCT_NAME = "$(TARGET_NAME)";
				SWIFT_EMIT_LOC_STRINGS = NO;
				SWIFT_VERSION = 5.0;
				TARGETED_DEVICE_FAMILY = "1,2";
				TEST_TARGET_NAME = ToDoList;
			};
			name = Debug;
		};
		75D4A8992ADCB40800B1AEC9 /* Release */ = {
			isa = XCBuildConfiguration;
			buildSettings = {
				ALWAYS_EMBED_SWIFT_STANDARD_LIBRARIES = YES;
				CODE_SIGN_STYLE = Automatic;
				CURRENT_PROJECT_VERSION = 1;
				GENERATE_INFOPLIST_FILE = YES;
				MARKETING_VERSION = 1.0;
				PRODUCT_BUNDLE_IDENTIFIER = io.jackboswell.ToDoListUITests;
				PRODUCT_NAME = "$(TARGET_NAME)";
				SWIFT_EMIT_LOC_STRINGS = NO;
				SWIFT_VERSION = 5.0;
				TARGETED_DEVICE_FAMILY = "1,2";
				TEST_TARGET_NAME = ToDoList;
			};
			name = Release;
		};
/* End XCBuildConfiguration section */

/* Begin XCConfigurationList section */
		75D4A8682ADCB40600B1AEC9 /* Build configuration list for PBXProject "ToDoList" */ = {
			isa = XCConfigurationList;
			buildConfigurations = (
				75D4A88F2ADCB40800B1AEC9 /* Debug */,
				75D4A8902ADCB40800B1AEC9 /* Release */,
			);
			defaultConfigurationIsVisible = 0;
			defaultConfigurationName = Release;
		};
		75D4A8912ADCB40800B1AEC9 /* Build configuration list for PBXNativeTarget "ToDoList" */ = {
			isa = XCConfigurationList;
			buildConfigurations = (
				75D4A8922ADCB40800B1AEC9 /* Debug */,
				75D4A8932ADCB40800B1AEC9 /* Release */,
			);
			defaultConfigurationIsVisible = 0;
			defaultConfigurationName = Release;
		};
		75D4A8942ADCB40800B1AEC9 /* Build configuration list for PBXNativeTarget "ToDoListTests" */ = {
			isa = XCConfigurationList;
			buildConfigurations = (
				75D4A8952ADCB40800B1AEC9 /* Debug */,
				75D4A8962ADCB40800B1AEC9 /* Release */,
			);
			defaultConfigurationIsVisible = 0;
			defaultConfigurationName = Release;
		};
		75D4A8972ADCB40800B1AEC9 /* Build configuration list for PBXNativeTarget "ToDoListUITests" */ = {
			isa = XCConfigurationList;
			buildConfigurations = (
				75D4A8982ADCB40800B1AEC9 /* Debug */,
				75D4A8992ADCB40800B1AEC9 /* Release */,
			);
			defaultConfigurationIsVisible = 0;
			defaultConfigurationName = Release;
		};
/* End XCConfigurationList section */

/* Begin XCRemoteSwiftPackageReference section */
		75D4A89A2ADCB87E00B1AEC9 /* XCRemoteSwiftPackageReference "firebase-ios-sdk" */ = {
			isa = XCRemoteSwiftPackageReference;
			repositoryURL = "https://github.com/firebase/firebase-ios-sdk";
			requirement = {
				kind = upToNextMajorVersion;
				minimumVersion = 10.16.0;
			};
		};
/* End XCRemoteSwiftPackageReference section */

/* Begin XCSwiftPackageProductDependency section */
		75D4A89B2ADCB87E00B1AEC9 /* FirebaseAuth */ = {
			isa = XCSwiftPackageProductDependency;
			package = 75D4A89A2ADCB87E00B1AEC9 /* XCRemoteSwiftPackageReference "firebase-ios-sdk" */;
			productName = FirebaseAuth;
		};
		75D4A89D2ADCB87E00B1AEC9 /* FirebaseFirestore */ = {
			isa = XCSwiftPackageProductDependency;
			package = 75D4A89A2ADCB87E00B1AEC9 /* XCRemoteSwiftPackageReference "firebase-ios-sdk" */;
			productName = FirebaseFirestore;
		};
		75D4A89F2ADCB87E00B1AEC9 /* FirebaseFirestoreSwift */ = {
			isa = XCSwiftPackageProductDependency;
			package = 75D4A89A2ADCB87E00B1AEC9 /* XCRemoteSwiftPackageReference "firebase-ios-sdk" */;
			productName = FirebaseFirestoreSwift;
		};
/* End XCSwiftPackageProductDependency section */
	};
	rootObject = 75D4A8652ADCB40600B1AEC9 /* Project object */;
}
